
Microsoft Visual Studio Solution File, Format Version 12.00
# Visual Studio Version 17
VisualStudioVersion = 17.3.32929.385
MinimumVisualStudioVersion = 10.0.40219.1
Project("{9A19103F-16F7-4668-BE54-9A1E7A4F7556}") = "01.Train", "01.Train\01.Train.csproj", "{0BFE7613-938A-4B0C-8C5D-9F58AF03DBD4}"
EndProject
Project("{9A19103F-16F7-4668-BE54-9A1E7A4F7556}") = "02.ChangeList", "02.ChangeList\02.ChangeList.csproj", "{6E84230F-05E3-44E8-89AC-D697F05B9457}"
EndProject
Project("{9A19103F-16F7-4668-BE54-9A1E7A4F7556}") = "03.HouseParty", "03.HouseParty\03.HouseParty.csproj", "{E5A4E73A-6535-4AC8-B30D-38D5A86770B7}"
EndProject
Project("{9A19103F-16F7-4668-BE54-9A1E7A4F7556}") = "04.ListOperations", "04.ListOperations\04.ListOperations.csproj", "{6BC66B11-580B-4B15-96D8-253A640CC5EF}"
EndProject
Project("{FAE04EC0-301F-11D3-BF4B-00C04F79EFBC}") = "05.BombNumbers", "05.BombNumbers\05.BombNumbers.csproj", "{425B7811-34FA-49FE-BBD6-6ADBD1EC46C7}"
EndProject
Project("{FAE04EC0-301F-11D3-BF4B-00C04F79EFBC}") = "06.CardsGame", "06.CardsGame\06.CardsGame.csproj", "{3475F55E-BD14-49AE-BA9E-6ED37D716A51}"
EndProject
Project("{FAE04EC0-301F-11D3-BF4B-00C04F79EFBC}") = "07.AppendArrays", "07.AppendArrays\07.AppendArrays.csproj", "{AB25CCC1-06C6-4DD9-9107-4B0B8D6F8B6D}"
EndProject
Global
	GlobalSection(SolutionConfigurationPlatforms) = preSolution
		Debug|Any CPU = Debug|Any CPU
		Release|Any CPU = Release|Any CPU
	EndGlobalSection
	GlobalSection(ProjectConfigurationPlatforms) = postSolution
		{0BFE7613-938A-4B0C-8C5D-9F58AF03DBD4}.Debug|Any CPU.ActiveCfg = Debug|Any CPU
		{0BFE7613-938A-4B0C-8C5D-9F58AF03DBD4}.Debug|Any CPU.Build.0 = Debug|Any CPU
		{0BFE7613-938A-4B0C-8C5D-9F58AF03DBD4}.Release|Any CPU.ActiveCfg = Release|Any CPU
		{0BFE7613-938A-4B0C-8C5D-9F58AF03DBD4}.Release|Any CPU.Build.0 = Release|Any CPU
		{6E84230F-05E3-44E8-89AC-D697F05B9457}.Debug|Any CPU.ActiveCfg = Debug|Any CPU
		{6E84230F-05E3-44E8-89AC-D697F05B9457}.Debug|Any CPU.Build.0 = Debug|Any CPU
		{6E84230F-05E3-44E8-89AC-D697F05B9457}.Release|Any CPU.ActiveCfg = Release|Any CPU
		{6E84230F-05E3-44E8-89AC-D697F05B9457}.Release|Any CPU.Build.0 = Release|Any CPU
		{E5A4E73A-6535-4AC8-B30D-38D5A86770B7}.Debug|Any CPU.ActiveCfg = Debug|Any CPU
		{E5A4E73A-6535-4AC8-B30D-38D5A86770B7}.Debug|Any CPU.Build.0 = Debug|Any CPU
		{E5A4E73A-6535-4AC8-B30D-38D5A86770B7}.Release|Any CPU.ActiveCfg = Release|Any CPU
		{E5A4E73A-6535-4AC8-B30D-38D5A86770B7}.Release|Any CPU.Build.0 = Release|Any CPU
		{6BC66B11-580B-4B15-96D8-253A640CC5EF}.Debug|Any CPU.ActiveCfg = Debug|Any CPU
		{6BC66B11-580B-4B15-96D8-253A640CC5EF}.Debug|Any CPU.Build.0 = Debug|Any CPU
		{6BC66B11-580B-4B15-96D8-253A640CC5EF}.Release|Any CPU.ActiveCfg = Release|Any CPU
		{6BC66B11-580B-4B15-96D8-253A640CC5EF}.Release|Any CPU.Build.0 = Release|Any CPU
		{425B7811-34FA-49FE-BBD6-6ADBD1EC46C7}.Debug|Any CPU.ActiveCfg = Debug|Any CPU
		{425B7811-34FA-49FE-BBD6-6ADBD1EC46C7}.Debug|Any CPU.Build.0 = Debug|Any CPU
		{425B7811-34FA-49FE-BBD6-6ADBD1EC46C7}.Release|Any CPU.ActiveCfg = Release|Any CPU
		{425B7811-34FA-49FE-BBD6-6ADBD1EC46C7}.Release|Any CPU.Build.0 = Release|Any CPU
		{3475F55E-BD14-49AE-BA9E-6ED37D716A51}.Debug|Any CPU.ActiveCfg = Debug|Any CPU
		{3475F55E-BD14-49AE-BA9E-6ED37D716A51}.Debug|Any CPU.Build.0 = Debug|Any CPU
		{3475F55E-BD14-49AE-BA9E-6ED37D716A51}.Release|Any CPU.ActiveCfg = Release|Any CPU
		{3475F55E-BD14-49AE-BA9E-6ED37D716A51}.Release|Any CPU.Build.0 = Release|Any CPU
		{AB25CCC1-06C6-4DD9-9107-4B0B8D6F8B6D}.Debug|Any CPU.ActiveCfg = Debug|Any CPU
		{AB25CCC1-06C6-4DD9-9107-4B0B8D6F8B6D}.Debug|Any CPU.Build.0 = Debug|Any CPU
		{AB25CCC1-06C6-4DD9-9107-4B0B8D6F8B6D}.Release|Any CPU.ActiveCfg = Release|Any CPU
		{AB25CCC1-06C6-4DD9-9107-4B0B8D6F8B6D}.Release|Any CPU.Build.0 = Release|Any CPU
	EndGlobalSection
	GlobalSection(SolutionProperties) = preSolution
		HideSolutionNode = FALSE
	EndGlobalSection
	GlobalSection(ExtensibilityGlobals) = postSolution
		SolutionGuid = {FCD18C29-7A52-4437-A4F9-EC0F66F309CD}
	EndGlobalSection
EndGlobal
