
Microsoft Visual Studio Solution File, Format Version 12.00
# Visual Studio Version 17
VisualStudioVersion = 17.3.32929.385
MinimumVisualStudioVersion = 10.0.40219.1
Project("{FAE04EC0-301F-11D3-BF4B-00C04F79EFBC}") = "01.ReverseStrings", "01.ReverseStrings\01.ReverseStrings.csproj", "{23660886-C6F3-4135-A749-4B76DD758208}"
EndProject
Project("{FAE04EC0-301F-11D3-BF4B-00C04F79EFBC}") = "02.RepeatStrings", "02.RepeatStrings\02.RepeatStrings.csproj", "{8CACA392-17B3-495B-94BD-00C02E48A5AF}"
EndProject
Project("{FAE04EC0-301F-11D3-BF4B-00C04F79EFBC}") = "03. Substring", "03. Substring\03. Substring.csproj", "{1CBF8C6A-E20A-41CE-8731-25BA78EB0ABD}"
EndProject
Project("{FAE04EC0-301F-11D3-BF4B-00C04F79EFBC}") = "04.TextFilter", "04.TextFilter\04.TextFilter.csproj", "{645F627C-AA38-48E1-B29D-2D8EE5D03D53}"
EndProject
Project("{FAE04EC0-301F-11D3-BF4B-00C04F79EFBC}") = "05.Digits,LettersAndOther", "05.Digits,LettersAndOther\05.Digits,LettersAndOther.csproj", "{4DE8CBBE-37D9-4B50-AD2A-2E13EDF3F7FE}"
EndProject
Global
	GlobalSection(SolutionConfigurationPlatforms) = preSolution
		Debug|Any CPU = Debug|Any CPU
		Release|Any CPU = Release|Any CPU
	EndGlobalSection
	GlobalSection(ProjectConfigurationPlatforms) = postSolution
		{23660886-C6F3-4135-A749-4B76DD758208}.Debug|Any CPU.ActiveCfg = Debug|Any CPU
		{23660886-C6F3-4135-A749-4B76DD758208}.Debug|Any CPU.Build.0 = Debug|Any CPU
		{23660886-C6F3-4135-A749-4B76DD758208}.Release|Any CPU.ActiveCfg = Release|Any CPU
		{23660886-C6F3-4135-A749-4B76DD758208}.Release|Any CPU.Build.0 = Release|Any CPU
		{8CACA392-17B3-495B-94BD-00C02E48A5AF}.Debug|Any CPU.ActiveCfg = Debug|Any CPU
		{8CACA392-17B3-495B-94BD-00C02E48A5AF}.Debug|Any CPU.Build.0 = Debug|Any CPU
		{8CACA392-17B3-495B-94BD-00C02E48A5AF}.Release|Any CPU.ActiveCfg = Release|Any CPU
		{8CACA392-17B3-495B-94BD-00C02E48A5AF}.Release|Any CPU.Build.0 = Release|Any CPU
		{1CBF8C6A-E20A-41CE-8731-25BA78EB0ABD}.Debug|Any CPU.ActiveCfg = Debug|Any CPU
		{1CBF8C6A-E20A-41CE-8731-25BA78EB0ABD}.Debug|Any CPU.Build.0 = Debug|Any CPU
		{1CBF8C6A-E20A-41CE-8731-25BA78EB0ABD}.Release|Any CPU.ActiveCfg = Release|Any CPU
		{1CBF8C6A-E20A-41CE-8731-25BA78EB0ABD}.Release|Any CPU.Build.0 = Release|Any CPU
		{645F627C-AA38-48E1-B29D-2D8EE5D03D53}.Debug|Any CPU.ActiveCfg = Debug|Any CPU
		{645F627C-AA38-48E1-B29D-2D8EE5D03D53}.Debug|Any CPU.Build.0 = Debug|Any CPU
		{645F627C-AA38-48E1-B29D-2D8EE5D03D53}.Release|Any CPU.ActiveCfg = Release|Any CPU
		{645F627C-AA38-48E1-B29D-2D8EE5D03D53}.Release|Any CPU.Build.0 = Release|Any CPU
		{4DE8CBBE-37D9-4B50-AD2A-2E13EDF3F7FE}.Debug|Any CPU.ActiveCfg = Debug|Any CPU
		{4DE8CBBE-37D9-4B50-AD2A-2E13EDF3F7FE}.Debug|Any CPU.Build.0 = Debug|Any CPU
		{4DE8CBBE-37D9-4B50-AD2A-2E13EDF3F7FE}.Release|Any CPU.ActiveCfg = Release|Any CPU
		{4DE8CBBE-37D9-4B50-AD2A-2E13EDF3F7FE}.Release|Any CPU.Build.0 = Release|Any CPU
	EndGlobalSection
	GlobalSection(SolutionProperties) = preSolution
		HideSolutionNode = FALSE
	EndGlobalSection
	GlobalSection(ExtensibilityGlobals) = postSolution
		SolutionGuid = {0FE62536-1A00-4BB7-AFB9-9CBE38F23BC3}
	EndGlobalSection
EndGlobal
