
Microsoft Visual Studio Solution File, Format Version 12.00
# Visual Studio Version 17
VisualStudioVersion = 17.3.32901.215
MinimumVisualStudioVersion = 10.0.40219.1
Project("{FAE04EC0-301F-11D3-BF4B-00C04F79EFBC}") = "01.SignofIntegerNumbers", "01.SignofIntegerNumbers\01.SignofIntegerNumbers.csproj", "{B9F33060-9FCB-48C2-A6A8-AA33650A980E}"
EndProject
Global
	GlobalSection(SolutionConfigurationPlatforms) = preSolution
		Debug|Any CPU = Debug|Any CPU
		Release|Any CPU = Release|Any CPU
	EndGlobalSection
	GlobalSection(ProjectConfigurationPlatforms) = postSolution
		{B9F33060-9FCB-48C2-A6A8-AA33650A980E}.Debug|Any CPU.ActiveCfg = Debug|Any CPU
		{B9F33060-9FCB-48C2-A6A8-AA33650A980E}.Debug|Any CPU.Build.0 = Debug|Any CPU
		{B9F33060-9FCB-48C2-A6A8-AA33650A980E}.Release|Any CPU.ActiveCfg = Release|Any CPU
		{B9F33060-9FCB-48C2-A6A8-AA33650A980E}.Release|Any CPU.Build.0 = Release|Any CPU
	EndGlobalSection
	GlobalSection(SolutionProperties) = preSolution
		HideSolutionNode = FALSE
	EndGlobalSection
	GlobalSection(ExtensibilityGlobals) = postSolution
		SolutionGuid = {BB1044C6-92F6-4C69-AF50-67EE690D78B4}
	EndGlobalSection
EndGlobal
