
Microsoft Visual Studio Solution File, Format Version 12.00
# Visual Studio Version 17
VisualStudioVersion = 17.3.32929.385
MinimumVisualStudioVersion = 10.0.40219.1
Project("{9A19103F-16F7-4668-BE54-9A1E7A4F7556}") = "01.GuineaPig", "01.GuineaPig\01.GuineaPig.csproj", "{8AF6FB83-FD1F-42DC-A285-B11691077886}"
EndProject
Project("{9A19103F-16F7-4668-BE54-9A1E7A4F7556}") = "02.ShoppingList", "02.ShoppingList\02.ShoppingList.csproj", "{89C5C09F-37C4-401D-A7A1-096D3BBA9646}"
EndProject
Project("{9A19103F-16F7-4668-BE54-9A1E7A4F7556}") = "03.MovingTarget", "03.MovingTarget\03.MovingTarget.csproj", "{B54E6CC4-78AD-4711-9CE0-DDE9B801741D}"
EndProject
Project("{FAE04EC0-301F-11D3-BF4B-00C04F79EFBC}") = "01. Messaging", "01. Messaging\01. Messaging.csproj", "{64277A81-97E1-446A-ACAA-746F9E0BC89C}"
EndProject
Project("{FAE04EC0-301F-11D3-BF4B-00C04F79EFBC}") = "02.CarRace", "02.CarRace\02.CarRace.csproj", "{5A7FA5D5-5AC5-41EE-B4E8-42B5CB06ECBC}"
EndProject
Global
	GlobalSection(SolutionConfigurationPlatforms) = preSolution
		Debug|Any CPU = Debug|Any CPU
		Release|Any CPU = Release|Any CPU
	EndGlobalSection
	GlobalSection(ProjectConfigurationPlatforms) = postSolution
		{8AF6FB83-FD1F-42DC-A285-B11691077886}.Debug|Any CPU.ActiveCfg = Debug|Any CPU
		{8AF6FB83-FD1F-42DC-A285-B11691077886}.Debug|Any CPU.Build.0 = Debug|Any CPU
		{8AF6FB83-FD1F-42DC-A285-B11691077886}.Release|Any CPU.ActiveCfg = Release|Any CPU
		{8AF6FB83-FD1F-42DC-A285-B11691077886}.Release|Any CPU.Build.0 = Release|Any CPU
		{89C5C09F-37C4-401D-A7A1-096D3BBA9646}.Debug|Any CPU.ActiveCfg = Debug|Any CPU
		{89C5C09F-37C4-401D-A7A1-096D3BBA9646}.Debug|Any CPU.Build.0 = Debug|Any CPU
		{89C5C09F-37C4-401D-A7A1-096D3BBA9646}.Release|Any CPU.ActiveCfg = Release|Any CPU
		{89C5C09F-37C4-401D-A7A1-096D3BBA9646}.Release|Any CPU.Build.0 = Release|Any CPU
		{B54E6CC4-78AD-4711-9CE0-DDE9B801741D}.Debug|Any CPU.ActiveCfg = Debug|Any CPU
		{B54E6CC4-78AD-4711-9CE0-DDE9B801741D}.Debug|Any CPU.Build.0 = Debug|Any CPU
		{B54E6CC4-78AD-4711-9CE0-DDE9B801741D}.Release|Any CPU.ActiveCfg = Release|Any CPU
		{B54E6CC4-78AD-4711-9CE0-DDE9B801741D}.Release|Any CPU.Build.0 = Release|Any CPU
		{64277A81-97E1-446A-ACAA-746F9E0BC89C}.Debug|Any CPU.ActiveCfg = Debug|Any CPU
		{64277A81-97E1-446A-ACAA-746F9E0BC89C}.Debug|Any CPU.Build.0 = Debug|Any CPU
		{64277A81-97E1-446A-ACAA-746F9E0BC89C}.Release|Any CPU.ActiveCfg = Release|Any CPU
		{64277A81-97E1-446A-ACAA-746F9E0BC89C}.Release|Any CPU.Build.0 = Release|Any CPU
		{5A7FA5D5-5AC5-41EE-B4E8-42B5CB06ECBC}.Debug|Any CPU.ActiveCfg = Debug|Any CPU
		{5A7FA5D5-5AC5-41EE-B4E8-42B5CB06ECBC}.Debug|Any CPU.Build.0 = Debug|Any CPU
		{5A7FA5D5-5AC5-41EE-B4E8-42B5CB06ECBC}.Release|Any CPU.ActiveCfg = Release|Any CPU
		{5A7FA5D5-5AC5-41EE-B4E8-42B5CB06ECBC}.Release|Any CPU.Build.0 = Release|Any CPU
	EndGlobalSection
	GlobalSection(SolutionProperties) = preSolution
		HideSolutionNode = FALSE
	EndGlobalSection
	GlobalSection(ExtensibilityGlobals) = postSolution
		SolutionGuid = {D3E1C092-9D20-4189-B05D-D5F5B9F4B63C}
	EndGlobalSection
EndGlobal
