
Microsoft Visual Studio Solution File, Format Version 12.00
# Visual Studio Version 17
VisualStudioVersion = 17.3.32929.385
MinimumVisualStudioVersion = 10.0.40219.1
Project("{FAE04EC0-301F-11D3-BF4B-00C04F79EFBC}") = "01.Furniture", "01.Furniture\01.Furniture.csproj", "{408C6FEB-F443-4D3E-B782-972010351365}"
EndProject
Project("{FAE04EC0-301F-11D3-BF4B-00C04F79EFBC}") = "02. Race", "02. Race\02. Race.csproj", "{79A099E6-48BC-47A4-968A-B594043C6BCC}"
EndProject
Project("{FAE04EC0-301F-11D3-BF4B-00C04F79EFBC}") = "03.SoftUniBarIncome", "03.SoftUniBarIncome\03.SoftUniBarIncome.csproj", "{74BB1385-7521-4CFC-BC4B-ED35A1EBC04C}"
EndProject
Project("{FAE04EC0-301F-11D3-BF4B-00C04F79EFBC}") = "05.NetherRealms", "05.NetherRealms\05.NetherRealms.csproj", "{7050645B-2EAF-46BC-975F-CEB67F56EF29}"
EndProject
Project("{FAE04EC0-301F-11D3-BF4B-00C04F79EFBC}") = "06.ExtractEmails", "06.ExtractEmails\06.ExtractEmails.csproj", "{E86A7A47-FEDC-4B0E-886F-B67BF2EA3E4E}"
EndProject
Global
	GlobalSection(SolutionConfigurationPlatforms) = preSolution
		Debug|Any CPU = Debug|Any CPU
		Release|Any CPU = Release|Any CPU
	EndGlobalSection
	GlobalSection(ProjectConfigurationPlatforms) = postSolution
		{408C6FEB-F443-4D3E-B782-972010351365}.Debug|Any CPU.ActiveCfg = Debug|Any CPU
		{408C6FEB-F443-4D3E-B782-972010351365}.Debug|Any CPU.Build.0 = Debug|Any CPU
		{408C6FEB-F443-4D3E-B782-972010351365}.Release|Any CPU.ActiveCfg = Release|Any CPU
		{408C6FEB-F443-4D3E-B782-972010351365}.Release|Any CPU.Build.0 = Release|Any CPU
		{79A099E6-48BC-47A4-968A-B594043C6BCC}.Debug|Any CPU.ActiveCfg = Debug|Any CPU
		{79A099E6-48BC-47A4-968A-B594043C6BCC}.Debug|Any CPU.Build.0 = Debug|Any CPU
		{79A099E6-48BC-47A4-968A-B594043C6BCC}.Release|Any CPU.ActiveCfg = Release|Any CPU
		{79A099E6-48BC-47A4-968A-B594043C6BCC}.Release|Any CPU.Build.0 = Release|Any CPU
		{74BB1385-7521-4CFC-BC4B-ED35A1EBC04C}.Debug|Any CPU.ActiveCfg = Debug|Any CPU
		{74BB1385-7521-4CFC-BC4B-ED35A1EBC04C}.Debug|Any CPU.Build.0 = Debug|Any CPU
		{74BB1385-7521-4CFC-BC4B-ED35A1EBC04C}.Release|Any CPU.ActiveCfg = Release|Any CPU
		{74BB1385-7521-4CFC-BC4B-ED35A1EBC04C}.Release|Any CPU.Build.0 = Release|Any CPU
		{7050645B-2EAF-46BC-975F-CEB67F56EF29}.Debug|Any CPU.ActiveCfg = Debug|Any CPU
		{7050645B-2EAF-46BC-975F-CEB67F56EF29}.Debug|Any CPU.Build.0 = Debug|Any CPU
		{7050645B-2EAF-46BC-975F-CEB67F56EF29}.Release|Any CPU.ActiveCfg = Release|Any CPU
		{7050645B-2EAF-46BC-975F-CEB67F56EF29}.Release|Any CPU.Build.0 = Release|Any CPU
		{E86A7A47-FEDC-4B0E-886F-B67BF2EA3E4E}.Debug|Any CPU.ActiveCfg = Debug|Any CPU
		{E86A7A47-FEDC-4B0E-886F-B67BF2EA3E4E}.Debug|Any CPU.Build.0 = Debug|Any CPU
		{E86A7A47-FEDC-4B0E-886F-B67BF2EA3E4E}.Release|Any CPU.ActiveCfg = Release|Any CPU
		{E86A7A47-FEDC-4B0E-886F-B67BF2EA3E4E}.Release|Any CPU.Build.0 = Release|Any CPU
	EndGlobalSection
	GlobalSection(SolutionProperties) = preSolution
		HideSolutionNode = FALSE
	EndGlobalSection
	GlobalSection(ExtensibilityGlobals) = postSolution
		SolutionGuid = {301475F3-D8AA-4A61-8902-09C7F3BF3AB5}
	EndGlobalSection
EndGlobal
