
Microsoft Visual Studio Solution File, Format Version 12.00
# Visual Studio Version 17
VisualStudioVersion = 17.4.33110.190
MinimumVisualStudioVersion = 10.0.40219.1
Project("{FAE04EC0-301F-11D3-BF4B-00C04F79EFBC}") = "FinalExamFundamentals", "FinalExamFundamentals\FinalExamFundamentals.csproj", "{F39FFB7B-5976-4498-A706-120C6881046B}"
EndProject
Project("{FAE04EC0-301F-11D3-BF4B-00C04F79EFBC}") = "02. Easter Eggs", "02. Easter Eggs\02. Easter Eggs.csproj", "{4D5F419A-F366-47D3-9D26-E4E4998778AB}"
EndProject
Project("{FAE04EC0-301F-11D3-BF4B-00C04F79EFBC}") = "03. Dictionary", "03. Dictionary\03. Dictionary.csproj", "{AAA3E25F-9F3E-4ECE-B1DC-61BEF4E36267}"
EndProject
Global
	GlobalSection(SolutionConfigurationPlatforms) = preSolution
		Debug|Any CPU = Debug|Any CPU
		Release|Any CPU = Release|Any CPU
	EndGlobalSection
	GlobalSection(ProjectConfigurationPlatforms) = postSolution
		{F39FFB7B-5976-4498-A706-120C6881046B}.Debug|Any CPU.ActiveCfg = Debug|Any CPU
		{F39FFB7B-5976-4498-A706-120C6881046B}.Debug|Any CPU.Build.0 = Debug|Any CPU
		{F39FFB7B-5976-4498-A706-120C6881046B}.Release|Any CPU.ActiveCfg = Release|Any CPU
		{F39FFB7B-5976-4498-A706-120C6881046B}.Release|Any CPU.Build.0 = Release|Any CPU
		{4D5F419A-F366-47D3-9D26-E4E4998778AB}.Debug|Any CPU.ActiveCfg = Debug|Any CPU
		{4D5F419A-F366-47D3-9D26-E4E4998778AB}.Debug|Any CPU.Build.0 = Debug|Any CPU
		{4D5F419A-F366-47D3-9D26-E4E4998778AB}.Release|Any CPU.ActiveCfg = Release|Any CPU
		{4D5F419A-F366-47D3-9D26-E4E4998778AB}.Release|Any CPU.Build.0 = Release|Any CPU
		{AAA3E25F-9F3E-4ECE-B1DC-61BEF4E36267}.Debug|Any CPU.ActiveCfg = Debug|Any CPU
		{AAA3E25F-9F3E-4ECE-B1DC-61BEF4E36267}.Debug|Any CPU.Build.0 = Debug|Any CPU
		{AAA3E25F-9F3E-4ECE-B1DC-61BEF4E36267}.Release|Any CPU.ActiveCfg = Release|Any CPU
		{AAA3E25F-9F3E-4ECE-B1DC-61BEF4E36267}.Release|Any CPU.Build.0 = Release|Any CPU
	EndGlobalSection
	GlobalSection(SolutionProperties) = preSolution
		HideSolutionNode = FALSE
	EndGlobalSection
	GlobalSection(ExtensibilityGlobals) = postSolution
		SolutionGuid = {A1430974-1E79-4219-956D-562FE65B8247}
	EndGlobalSection
EndGlobal
