
Microsoft Visual Studio Solution File, Format Version 12.00
# Visual Studio Version 17
VisualStudioVersion = 17.3.32929.385
MinimumVisualStudioVersion = 10.0.40219.1
Project("{9A19103F-16F7-4668-BE54-9A1E7A4F7556}") = "02.AdAstra", "02.AdAstra\02.AdAstra.csproj", "{3E980D5E-70C1-4A26-99F6-40C44482F84A}"
EndProject
Project("{9A19103F-16F7-4668-BE54-9A1E7A4F7556}") = "03.ThePianist", "03.ThePianist\03.ThePianist.csproj", "{CE3ACAF9-D790-4F05-ABBD-33D3309B1E93}"
EndProject
Project("{9A19103F-16F7-4668-BE54-9A1E7A4F7556}") = "01.WorldTour", "01.WorldTour\01.WorldTour.csproj", "{9B345CD3-FB95-4CF2-BBC0-A63325475832}"
EndProject
Project("{9A19103F-16F7-4668-BE54-9A1E7A4F7556}") = "02.DestinationMapper", "02.DestinationMapper\02.DestinationMapper.csproj", "{74BD3E9A-85FA-40E8-B833-B6C7076E2729}"
EndProject
Project("{9A19103F-16F7-4668-BE54-9A1E7A4F7556}") = "03.PlantDiscovery", "03.PlantDiscovery\03.PlantDiscovery.csproj", "{235507CD-13D8-4026-9071-D04CDC6399A4}"
EndProject
Project("{9A19103F-16F7-4668-BE54-9A1E7A4F7556}") = "03.PlantDiscovery2.0", "03.PlantDiscovery2.0\03.PlantDiscovery2.0.csproj", "{59078677-9AC2-40D7-92F4-D8217E759DDE}"
EndProject
Project("{9A19103F-16F7-4668-BE54-9A1E7A4F7556}") = "01.TheImitationGame", "01.TheImitationGame\01.TheImitationGame.csproj", "{1E066006-DEE1-4708-BD6B-10FC91A888BF}"
EndProject
Project("{9A19103F-16F7-4668-BE54-9A1E7A4F7556}") = "01.ActivationKeys", "01.ActivationKeys\01.ActivationKeys.csproj", "{E130E6D5-2ED8-49D7-B69B-09DEA0797F91}"
EndProject
Project("{9A19103F-16F7-4668-BE54-9A1E7A4F7556}") = "02.EmojiDetector", "02.EmojiDetector\02.EmojiDetector.csproj", "{D01CBFA3-BEF9-4050-8314-EA4BE8930DE4}"
EndProject
Project("{9A19103F-16F7-4668-BE54-9A1E7A4F7556}") = "03.P!rates", "03.P!rates\03.P!rates.csproj", "{21ECAB0F-D763-4DA3-A6CB-4B35C7C8E645}"
EndProject
Project("{9A19103F-16F7-4668-BE54-9A1E7A4F7556}") = "01.SecretChat", "01.SecretChat\01.SecretChat.csproj", "{A3CC7B23-B95E-47A1-BAC1-EE5B646BCD92}"
EndProject
Project("{9A19103F-16F7-4668-BE54-9A1E7A4F7556}") = "02.MirrorWords", "02.MirrorWords\02.MirrorWords.csproj", "{48930F8A-BE38-4BC4-A1F9-1AEE8B8DCA51}"
EndProject
Project("{FAE04EC0-301F-11D3-BF4B-00C04F79EFBC}") = "03. Need for Speed III", "03. Need for Speed III\03. Need for Speed III.csproj", "{28122C59-DF3C-4AAA-973C-65F213F6D62C}"
EndProject
Global
	GlobalSection(SolutionConfigurationPlatforms) = preSolution
		Debug|Any CPU = Debug|Any CPU
		Release|Any CPU = Release|Any CPU
	EndGlobalSection
	GlobalSection(ProjectConfigurationPlatforms) = postSolution
		{3E980D5E-70C1-4A26-99F6-40C44482F84A}.Debug|Any CPU.ActiveCfg = Debug|Any CPU
		{3E980D5E-70C1-4A26-99F6-40C44482F84A}.Debug|Any CPU.Build.0 = Debug|Any CPU
		{3E980D5E-70C1-4A26-99F6-40C44482F84A}.Release|Any CPU.ActiveCfg = Release|Any CPU
		{3E980D5E-70C1-4A26-99F6-40C44482F84A}.Release|Any CPU.Build.0 = Release|Any CPU
		{CE3ACAF9-D790-4F05-ABBD-33D3309B1E93}.Debug|Any CPU.ActiveCfg = Debug|Any CPU
		{CE3ACAF9-D790-4F05-ABBD-33D3309B1E93}.Debug|Any CPU.Build.0 = Debug|Any CPU
		{CE3ACAF9-D790-4F05-ABBD-33D3309B1E93}.Release|Any CPU.ActiveCfg = Release|Any CPU
		{CE3ACAF9-D790-4F05-ABBD-33D3309B1E93}.Release|Any CPU.Build.0 = Release|Any CPU
		{9B345CD3-FB95-4CF2-BBC0-A63325475832}.Debug|Any CPU.ActiveCfg = Debug|Any CPU
		{9B345CD3-FB95-4CF2-BBC0-A63325475832}.Debug|Any CPU.Build.0 = Debug|Any CPU
		{9B345CD3-FB95-4CF2-BBC0-A63325475832}.Release|Any CPU.ActiveCfg = Release|Any CPU
		{9B345CD3-FB95-4CF2-BBC0-A63325475832}.Release|Any CPU.Build.0 = Release|Any CPU
		{74BD3E9A-85FA-40E8-B833-B6C7076E2729}.Debug|Any CPU.ActiveCfg = Debug|Any CPU
		{74BD3E9A-85FA-40E8-B833-B6C7076E2729}.Debug|Any CPU.Build.0 = Debug|Any CPU
		{74BD3E9A-85FA-40E8-B833-B6C7076E2729}.Release|Any CPU.ActiveCfg = Release|Any CPU
		{74BD3E9A-85FA-40E8-B833-B6C7076E2729}.Release|Any CPU.Build.0 = Release|Any CPU
		{235507CD-13D8-4026-9071-D04CDC6399A4}.Debug|Any CPU.ActiveCfg = Debug|Any CPU
		{235507CD-13D8-4026-9071-D04CDC6399A4}.Debug|Any CPU.Build.0 = Debug|Any CPU
		{235507CD-13D8-4026-9071-D04CDC6399A4}.Release|Any CPU.ActiveCfg = Release|Any CPU
		{235507CD-13D8-4026-9071-D04CDC6399A4}.Release|Any CPU.Build.0 = Release|Any CPU
		{59078677-9AC2-40D7-92F4-D8217E759DDE}.Debug|Any CPU.ActiveCfg = Debug|Any CPU
		{59078677-9AC2-40D7-92F4-D8217E759DDE}.Debug|Any CPU.Build.0 = Debug|Any CPU
		{59078677-9AC2-40D7-92F4-D8217E759DDE}.Release|Any CPU.ActiveCfg = Release|Any CPU
		{59078677-9AC2-40D7-92F4-D8217E759DDE}.Release|Any CPU.Build.0 = Release|Any CPU
		{1E066006-DEE1-4708-BD6B-10FC91A888BF}.Debug|Any CPU.ActiveCfg = Debug|Any CPU
		{1E066006-DEE1-4708-BD6B-10FC91A888BF}.Debug|Any CPU.Build.0 = Debug|Any CPU
		{1E066006-DEE1-4708-BD6B-10FC91A888BF}.Release|Any CPU.ActiveCfg = Release|Any CPU
		{1E066006-DEE1-4708-BD6B-10FC91A888BF}.Release|Any CPU.Build.0 = Release|Any CPU
		{E130E6D5-2ED8-49D7-B69B-09DEA0797F91}.Debug|Any CPU.ActiveCfg = Debug|Any CPU
		{E130E6D5-2ED8-49D7-B69B-09DEA0797F91}.Debug|Any CPU.Build.0 = Debug|Any CPU
		{E130E6D5-2ED8-49D7-B69B-09DEA0797F91}.Release|Any CPU.ActiveCfg = Release|Any CPU
		{E130E6D5-2ED8-49D7-B69B-09DEA0797F91}.Release|Any CPU.Build.0 = Release|Any CPU
		{D01CBFA3-BEF9-4050-8314-EA4BE8930DE4}.Debug|Any CPU.ActiveCfg = Debug|Any CPU
		{D01CBFA3-BEF9-4050-8314-EA4BE8930DE4}.Debug|Any CPU.Build.0 = Debug|Any CPU
		{D01CBFA3-BEF9-4050-8314-EA4BE8930DE4}.Release|Any CPU.ActiveCfg = Release|Any CPU
		{D01CBFA3-BEF9-4050-8314-EA4BE8930DE4}.Release|Any CPU.Build.0 = Release|Any CPU
		{21ECAB0F-D763-4DA3-A6CB-4B35C7C8E645}.Debug|Any CPU.ActiveCfg = Debug|Any CPU
		{21ECAB0F-D763-4DA3-A6CB-4B35C7C8E645}.Debug|Any CPU.Build.0 = Debug|Any CPU
		{21ECAB0F-D763-4DA3-A6CB-4B35C7C8E645}.Release|Any CPU.ActiveCfg = Release|Any CPU
		{21ECAB0F-D763-4DA3-A6CB-4B35C7C8E645}.Release|Any CPU.Build.0 = Release|Any CPU
		{A3CC7B23-B95E-47A1-BAC1-EE5B646BCD92}.Debug|Any CPU.ActiveCfg = Debug|Any CPU
		{A3CC7B23-B95E-47A1-BAC1-EE5B646BCD92}.Debug|Any CPU.Build.0 = Debug|Any CPU
		{A3CC7B23-B95E-47A1-BAC1-EE5B646BCD92}.Release|Any CPU.ActiveCfg = Release|Any CPU
		{A3CC7B23-B95E-47A1-BAC1-EE5B646BCD92}.Release|Any CPU.Build.0 = Release|Any CPU
		{48930F8A-BE38-4BC4-A1F9-1AEE8B8DCA51}.Debug|Any CPU.ActiveCfg = Debug|Any CPU
		{48930F8A-BE38-4BC4-A1F9-1AEE8B8DCA51}.Debug|Any CPU.Build.0 = Debug|Any CPU
		{48930F8A-BE38-4BC4-A1F9-1AEE8B8DCA51}.Release|Any CPU.ActiveCfg = Release|Any CPU
		{48930F8A-BE38-4BC4-A1F9-1AEE8B8DCA51}.Release|Any CPU.Build.0 = Release|Any CPU
		{28122C59-DF3C-4AAA-973C-65F213F6D62C}.Debug|Any CPU.ActiveCfg = Debug|Any CPU
		{28122C59-DF3C-4AAA-973C-65F213F6D62C}.Debug|Any CPU.Build.0 = Debug|Any CPU
		{28122C59-DF3C-4AAA-973C-65F213F6D62C}.Release|Any CPU.ActiveCfg = Release|Any CPU
		{28122C59-DF3C-4AAA-973C-65F213F6D62C}.Release|Any CPU.Build.0 = Release|Any CPU
	EndGlobalSection
	GlobalSection(SolutionProperties) = preSolution
		HideSolutionNode = FALSE
	EndGlobalSection
	GlobalSection(ExtensibilityGlobals) = postSolution
		SolutionGuid = {9CB86ED5-0E12-439A-B649-CC06F0A25C48}
	EndGlobalSection
EndGlobal
